
Microsoft Visual Studio Solution File, Format Version 12.00
# Visual Studio Version 16
VisualStudioVersion = 16.0.30907.101
MinimumVisualStudioVersion = 10.0.40219.1
Project("{9A19103F-16F7-4668-BE54-9A1E7A4F7556}") = "IMDBapp", "IMDBapp\IMDBapp.csproj", "{6F6E6826-16F5-4046-9362-41DEEC92E73D}"
EndProject
Project("{9A19103F-16F7-4668-BE54-9A1E7A4F7556}") = "IMDBapp.Test", "IMDBAppTest\IMDBapp.Test.csproj", "{A71CEF1D-0288-4251-A08C-6C9274220700}"
EndProject
Global
	GlobalSection(SolutionConfigurationPlatforms) = preSolution
		Debug|Any CPU = Debug|Any CPU
		Release|Any CPU = Release|Any CPU
	EndGlobalSection
	GlobalSection(ProjectConfigurationPlatforms) = postSolution
		{6F6E6826-16F5-4046-9362-41DEEC92E73D}.Debug|Any CPU.ActiveCfg = Debug|Any CPU
		{6F6E6826-16F5-4046-9362-41DEEC92E73D}.Debug|Any CPU.Build.0 = Debug|Any CPU
		{6F6E6826-16F5-4046-9362-41DEEC92E73D}.Release|Any CPU.ActiveCfg = Release|Any CPU
		{6F6E6826-16F5-4046-9362-41DEEC92E73D}.Release|Any CPU.Build.0 = Release|Any CPU
		{A71CEF1D-0288-4251-A08C-6C9274220700}.Debug|Any CPU.ActiveCfg = Debug|Any CPU
		{A71CEF1D-0288-4251-A08C-6C9274220700}.Debug|Any CPU.Build.0 = Debug|Any CPU
		{A71CEF1D-0288-4251-A08C-6C9274220700}.Release|Any CPU.ActiveCfg = Release|Any CPU
		{A71CEF1D-0288-4251-A08C-6C9274220700}.Release|Any CPU.Build.0 = Release|Any CPU
	EndGlobalSection
	GlobalSection(SolutionProperties) = preSolution
		HideSolutionNode = FALSE
	EndGlobalSection
	GlobalSection(ExtensibilityGlobals) = postSolution
		SolutionGuid = {FEF88FFB-1034-40BC-8640-E4D5C906CDBA}
	EndGlobalSection
EndGlobal
